
Microsoft Visual Studio Solution File, Format Version 12.00
# Visual Studio Version 17
VisualStudioVersion = 17.7.34031.279
MinimumVisualStudioVersion = 10.0.40219.1
Project("{FAE04EC0-301F-11D3-BF4B-00C04F79EFBC}") = "GestionFrancaApi", "GestionFrancaApi.csproj", "{04A70A82-5A53-43BF-9EF2-BD6DB3CBB2DB}"
EndProject
Global
	GlobalSection(SolutionConfigurationPlatforms) = preSolution
		Debug|Any CPU = Debug|Any CPU
		Release|Any CPU = Release|Any CPU
	EndGlobalSection
	GlobalSection(ProjectConfigurationPlatforms) = postSolution
		{04A70A82-5A53-43BF-9EF2-BD6DB3CBB2DB}.Debug|Any CPU.ActiveCfg = Debug|Any CPU
		{04A70A82-5A53-43BF-9EF2-BD6DB3CBB2DB}.Debug|Any CPU.Build.0 = Debug|Any CPU
		{04A70A82-5A53-43BF-9EF2-BD6DB3CBB2DB}.Release|Any CPU.ActiveCfg = Release|Any CPU
		{04A70A82-5A53-43BF-9EF2-BD6DB3CBB2DB}.Release|Any CPU.Build.0 = Release|Any CPU
	EndGlobalSection
	GlobalSection(SolutionProperties) = preSolution
		HideSolutionNode = FALSE
	EndGlobalSection
	GlobalSection(ExtensibilityGlobals) = postSolution
		SolutionGuid = {0F000BAE-6390-4F4A-A7B2-BC9DA089D543}
	EndGlobalSection
EndGlobal
